
Microsoft Visual Studio Solution File, Format Version 12.00
# Visual Studio 14
VisualStudioVersion = 14.0.25420.1
MinimumVisualStudioVersion = 10.0.40219.1
Project("{FAE04EC0-301F-11D3-BF4B-00C04F79EFBC}") = "Tic-Tac-Toe", "Tic-Tac-Toe\Tic-Tac-Toe.csproj", "{39C37C2C-1EA6-44C1-BB36-AA8CC7B5EA4B}"
EndProject
Global
	GlobalSection(SolutionConfigurationPlatforms) = preSolution
		Debug|Any CPU = Debug|Any CPU
		Release|Any CPU = Release|Any CPU
	EndGlobalSection
	GlobalSection(ProjectConfigurationPlatforms) = postSolution
		{39C37C2C-1EA6-44C1-BB36-AA8CC7B5EA4B}.Debug|Any CPU.ActiveCfg = Debug|Any CPU
		{39C37C2C-1EA6-44C1-BB36-AA8CC7B5EA4B}.Debug|Any CPU.Build.0 = Debug|Any CPU
		{39C37C2C-1EA6-44C1-BB36-AA8CC7B5EA4B}.Release|Any CPU.ActiveCfg = Release|Any CPU
		{39C37C2C-1EA6-44C1-BB36-AA8CC7B5EA4B}.Release|Any CPU.Build.0 = Release|Any CPU
	EndGlobalSection
	GlobalSection(SolutionProperties) = preSolution
		HideSolutionNode = FALSE
	EndGlobalSection
EndGlobal
